
Microsoft Visual Studio Solution File, Format Version 12.00
# Visual Studio Version 17
VisualStudioVersion = 17.14.36414.22 d17.14
MinimumVisualStudioVersion = 10.0.40219.1
Project("{FAE04EC0-301F-11D3-BF4B-00C04F79EFBC}") = "PruebasLinq", "PruebasLinq\PruebasLinq.csproj", "{0392E669-D30A-4868-8BC8-34D75629129B}"
EndProject
Global
	GlobalSection(SolutionConfigurationPlatforms) = preSolution
		Debug|Any CPU = Debug|Any CPU
		Release|Any CPU = Release|Any CPU
	EndGlobalSection
	GlobalSection(ProjectConfigurationPlatforms) = postSolution
		{0392E669-D30A-4868-8BC8-34D75629129B}.Debug|Any CPU.ActiveCfg = Debug|Any CPU
		{0392E669-D30A-4868-8BC8-34D75629129B}.Debug|Any CPU.Build.0 = Debug|Any CPU
		{0392E669-D30A-4868-8BC8-34D75629129B}.Release|Any CPU.ActiveCfg = Release|Any CPU
		{0392E669-D30A-4868-8BC8-34D75629129B}.Release|Any CPU.Build.0 = Release|Any CPU
	EndGlobalSection
	GlobalSection(SolutionProperties) = preSolution
		HideSolutionNode = FALSE
	EndGlobalSection
	GlobalSection(ExtensibilityGlobals) = postSolution
		SolutionGuid = {613F745D-1818-4620-A25B-69D5B2109183}
	EndGlobalSection
EndGlobal
